
Microsoft Visual Studio Solution File, Format Version 12.00
# Visual Studio 15
VisualStudioVersion = 15.0.28307.1684
MinimumVisualStudioVersion = 10.0.40219.1
Project("{8BC9CEB8-8B4A-11D0-8D11-00A0C91BC942}") = "zad1", "zad1\zad1.vcxproj", "{BBBFFC59-855A-4566-B2AD-702CA111DA7F}"
EndProject
Project("{8BC9CEB8-8B4A-11D0-8D11-00A0C91BC942}") = "zad3", "zad3\zad3.vcxproj", "{DB6D606A-A067-4CF3-ADA1-CAC8A8FBE016}"
EndProject
Project("{8BC9CEB8-8B4A-11D0-8D11-00A0C91BC942}") = "zad4", "zad4\zad4.vcxproj", "{F6CC2927-7E72-4473-942E-2D280AD98415}"
EndProject
Project("{8BC9CEB8-8B4A-11D0-8D11-00A0C91BC942}") = "zad2", "zad2\zad2.vcxproj", "{D0730410-18E8-4ABA-9C25-EEEDC25654F6}"
EndProject
Global
	GlobalSection(SolutionConfigurationPlatforms) = preSolution
		Debug|x64 = Debug|x64
		Debug|x86 = Debug|x86
		Release|x64 = Release|x64
		Release|x86 = Release|x86
	EndGlobalSection
	GlobalSection(ProjectConfigurationPlatforms) = postSolution
		{BBBFFC59-855A-4566-B2AD-702CA111DA7F}.Debug|x64.ActiveCfg = Debug|x64
		{BBBFFC59-855A-4566-B2AD-702CA111DA7F}.Debug|x64.Build.0 = Debug|x64
		{BBBFFC59-855A-4566-B2AD-702CA111DA7F}.Debug|x86.ActiveCfg = Debug|Win32
		{BBBFFC59-855A-4566-B2AD-702CA111DA7F}.Debug|x86.Build.0 = Debug|Win32
		{BBBFFC59-855A-4566-B2AD-702CA111DA7F}.Release|x64.ActiveCfg = Release|x64
		{BBBFFC59-855A-4566-B2AD-702CA111DA7F}.Release|x64.Build.0 = Release|x64
		{BBBFFC59-855A-4566-B2AD-702CA111DA7F}.Release|x86.ActiveCfg = Release|Win32
		{BBBFFC59-855A-4566-B2AD-702CA111DA7F}.Release|x86.Build.0 = Release|Win32
		{DB6D606A-A067-4CF3-ADA1-CAC8A8FBE016}.Debug|x64.ActiveCfg = Debug|x64
		{DB6D606A-A067-4CF3-ADA1-CAC8A8FBE016}.Debug|x64.Build.0 = Debug|x64
		{DB6D606A-A067-4CF3-ADA1-CAC8A8FBE016}.Debug|x86.ActiveCfg = Debug|Win32
		{DB6D606A-A067-4CF3-ADA1-CAC8A8FBE016}.Debug|x86.Build.0 = Debug|Win32
		{DB6D606A-A067-4CF3-ADA1-CAC8A8FBE016}.Release|x64.ActiveCfg = Release|x64
		{DB6D606A-A067-4CF3-ADA1-CAC8A8FBE016}.Release|x64.Build.0 = Release|x64
		{DB6D606A-A067-4CF3-ADA1-CAC8A8FBE016}.Release|x86.ActiveCfg = Release|Win32
		{DB6D606A-A067-4CF3-ADA1-CAC8A8FBE016}.Release|x86.Build.0 = Release|Win32
		{F6CC2927-7E72-4473-942E-2D280AD98415}.Debug|x64.ActiveCfg = Debug|x64
		{F6CC2927-7E72-4473-942E-2D280AD98415}.Debug|x64.Build.0 = Debug|x64
		{F6CC2927-7E72-4473-942E-2D280AD98415}.Debug|x86.ActiveCfg = Debug|Win32
		{F6CC2927-7E72-4473-942E-2D280AD98415}.Debug|x86.Build.0 = Debug|Win32
		{F6CC2927-7E72-4473-942E-2D280AD98415}.Release|x64.ActiveCfg = Release|x64
		{F6CC2927-7E72-4473-942E-2D280AD98415}.Release|x64.Build.0 = Release|x64
		{F6CC2927-7E72-4473-942E-2D280AD98415}.Release|x86.ActiveCfg = Release|Win32
		{F6CC2927-7E72-4473-942E-2D280AD98415}.Release|x86.Build.0 = Release|Win32
		{D0730410-18E8-4ABA-9C25-EEEDC25654F6}.Debug|x64.ActiveCfg = Debug|x64
		{D0730410-18E8-4ABA-9C25-EEEDC25654F6}.Debug|x64.Build.0 = Debug|x64
		{D0730410-18E8-4ABA-9C25-EEEDC25654F6}.Debug|x86.ActiveCfg = Debug|Win32
		{D0730410-18E8-4ABA-9C25-EEEDC25654F6}.Debug|x86.Build.0 = Debug|Win32
		{D0730410-18E8-4ABA-9C25-EEEDC25654F6}.Release|x64.ActiveCfg = Release|x64
		{D0730410-18E8-4ABA-9C25-EEEDC25654F6}.Release|x64.Build.0 = Release|x64
		{D0730410-18E8-4ABA-9C25-EEEDC25654F6}.Release|x86.ActiveCfg = Release|Win32
		{D0730410-18E8-4ABA-9C25-EEEDC25654F6}.Release|x86.Build.0 = Release|Win32
	EndGlobalSection
	GlobalSection(SolutionProperties) = preSolution
		HideSolutionNode = FALSE
	EndGlobalSection
	GlobalSection(ExtensibilityGlobals) = postSolution
		SolutionGuid = {ABB79685-480D-4D54-8EBF-B2FEF0A9403F}
	EndGlobalSection
EndGlobal
